// !$*UTF8*$!
{
	archiveVersion = 1;
	classes = {
	};
	objectVersion = 55;
	objects = {

/* Begin PBXBuildFile section */
		F3CE6E6927E2073D00245B27 /* AppDelegate.swift in Sources */ = {isa = PBXBuildFile; fileRef = F3CE6E6827E2073D00245B27 /* AppDelegate.swift */; };
		F3CE6E6D27E2073D00245B27 /* ViewController.swift in Sources */ = {isa = PBXBuildFile; fileRef = F3CE6E6C27E2073D00245B27 /* ViewController.swift */; };
		F3CE6E7027E2073D00245B27 /* Main.storyboard in Resources */ = {isa = PBXBuildFile; fileRef = F3CE6E6E27E2073D00245B27 /* Main.storyboard */; };
		F3CE6E7227E2073F00245B27 /* Assets.xcassets in Resources */ = {isa = PBXBuildFile; fileRef = F3CE6E7127E2073F00245B27 /* Assets.xcassets */; };
		F3CE6E7527E2073F00245B27 /* LaunchScreen.storyboard in Resources */ = {isa = PBXBuildFile; fileRef = F3CE6E7327E2073F00245B27 /* LaunchScreen.storyboard */; };
		F3CE6E8027E2073F00245B27 /* scan_uikit_swiftTests.swift in Sources */ = {isa = PBXBuildFile; fileRef = F3CE6E7F27E2073F00245B27 /* scan_uikit_swiftTests.swift */; };
		F3CE6E8A27E2073F00245B27 /* scan_uikit_swiftUITests.swift in Sources */ = {isa = PBXBuildFile; fileRef = F3CE6E8927E2073F00245B27 /* scan_uikit_swiftUITests.swift */; };
		F3CE6E8C27E2073F00245B27 /* scan_uikit_swiftUITestsLaunchTests.swift in Sources */ = {isa = PBXBuildFile; fileRef = F3CE6E8B27E2073F00245B27 /* scan_uikit_swiftUITestsLaunchTests.swift */; };
		F3CE6E9B27E20D4D00245B27 /* ViewController+Gestures.swift in Sources */ = {isa = PBXBuildFile; fileRef = F3CE6E9A27E20D4D00245B27 /* ViewController+Gestures.swift */; };
		F3CE6E9D27E20D6500245B27 /* ViewController+ApplicationState.swift in Sources */ = {isa = PBXBuildFile; fileRef = F3CE6E9C27E20D6500245B27 /* ViewController+ApplicationState.swift */; };
		F3CE6E9F27E20D8B00245B27 /* ViewController+NavigationBar.swift in Sources */ = {isa = PBXBuildFile; fileRef = F3CE6E9E27E20D8B00245B27 /* ViewController+NavigationBar.swift */; };
		F3CE6EA127E20D9E00245B27 /* ViewController+SessionInfo.swift in Sources */ = {isa = PBXBuildFile; fileRef = F3CE6EA027E20D9E00245B27 /* ViewController+SessionInfo.swift */; };
		F3CE6EA327E20DB600245B27 /* ShareScanViewController.swift in Sources */ = {isa = PBXBuildFile; fileRef = F3CE6EA227E20DB600245B27 /* ShareScanViewController.swift */; };
		F3CE6EA527E20DE800245B27 /* Scan.swift in Sources */ = {isa = PBXBuildFile; fileRef = F3CE6EA427E20DE800245B27 /* Scan.swift */; };
		F3CE6EA727E20E2200245B27 /* TestRun.swift in Sources */ = {isa = PBXBuildFile; fileRef = F3CE6EA627E20E2200245B27 /* TestRun.swift */; };
		F3CE6EAA27E20F6E00245B27 /* MessageLabel.swift in Sources */ = {isa = PBXBuildFile; fileRef = F3CE6EA927E20F6E00245B27 /* MessageLabel.swift */; };
		F3CE6EAC27E21E8500245B27 /* RoundedButton.swift in Sources */ = {isa = PBXBuildFile; fileRef = F3CE6EAB27E21E8500245B27 /* RoundedButton.swift */; };
		F3CE6EAE27E21EB600245B27 /* FlashlightButton.swift in Sources */ = {isa = PBXBuildFile; fileRef = F3CE6EAD27E21EB600245B27 /* FlashlightButton.swift */; };
		F3CE6EB127E21EED00245B27 /* ThresholdPanGestureRecognizer.swift in Sources */ = {isa = PBXBuildFile; fileRef = F3CE6EB027E21EED00245B27 /* ThresholdPanGestureRecognizer.swift */; };
		F3CE6EB327E21F1900245B27 /* ThresholdPinchGestureRecognizer.swift in Sources */ = {isa = PBXBuildFile; fileRef = F3CE6EB227E21F1900245B27 /* ThresholdPinchGestureRecognizer.swift */; };
		F3CE6EB527E21F4100245B27 /* ThresholdRotationGestureRecognizer.swift in Sources */ = {isa = PBXBuildFile; fileRef = F3CE6EB427E21F4100245B27 /* ThresholdRotationGestureRecognizer.swift */; };
		F3CE6EB827E21F7900245B27 /* DetectedObject.swift in Sources */ = {isa = PBXBuildFile; fileRef = F3CE6EB727E21F7900245B27 /* DetectedObject.swift */; };
		F3CE6EBA27E21FAB00245B27 /* BoundingBox.swift in Sources */ = {isa = PBXBuildFile; fileRef = F3CE6EB927E21FAB00245B27 /* BoundingBox.swift */; };
		F3CE6EBC27E35F2C00245B27 /* DetectedBoundingBox.swift in Sources */ = {isa = PBXBuildFile; fileRef = F3CE6EBB27E35F2C00245B27 /* DetectedBoundingBox.swift */; };
		F3CE6EBE27E35F6900245B27 /* BoundingBoxSide.swift in Sources */ = {isa = PBXBuildFile; fileRef = F3CE6EBD27E35F6900245B27 /* BoundingBoxSide.swift */; };
		F3CE6EC027E35F8800245B27 /* DetectedPointCloud.swift in Sources */ = {isa = PBXBuildFile; fileRef = F3CE6EBF27E35F8800245B27 /* DetectedPointCloud.swift */; };
		F3CE6EC227E35F9D00245B27 /* ObjectOrigin.swift in Sources */ = {isa = PBXBuildFile; fileRef = F3CE6EC127E35F9D00245B27 /* ObjectOrigin.swift */; };
		F3CE6EC427E35FCE00245B27 /* ObjectOriginAxis.swift in Sources */ = {isa = PBXBuildFile; fileRef = F3CE6EC327E35FCE00245B27 /* ObjectOriginAxis.swift */; };
		F3CE6EC627E3600000245B27 /* PointCloud+CreateVisualization.swift in Sources */ = {isa = PBXBuildFile; fileRef = F3CE6EC527E3600000245B27 /* PointCloud+CreateVisualization.swift */; };
		F3CE6EC827E3603F00245B27 /* ScannedObject.swift in Sources */ = {isa = PBXBuildFile; fileRef = F3CE6EC727E3603F00245B27 /* ScannedObject.swift */; };
		F3CE6ECA27E3606B00245B27 /* ScannedPointCloud.swift in Sources */ = {isa = PBXBuildFile; fileRef = F3CE6EC927E3606B00245B27 /* ScannedPointCloud.swift */; };
		F3CE6ECC27E360D000245B27 /* Snapping.swift in Sources */ = {isa = PBXBuildFile; fileRef = F3CE6ECB27E360D000245B27 /* Snapping.swift */; };
		F3CE6ECE27E3610100245B27 /* Tile.swift in Sources */ = {isa = PBXBuildFile; fileRef = F3CE6ECD27E3610000245B27 /* Tile.swift */; };
/* End PBXBuildFile section */

/* Begin PBXContainerItemProxy section */
		F3CE6E7C27E2073F00245B27 /* PBXContainerItemProxy */ = {
			isa = PBXContainerItemProxy;
			containerPortal = F3CE6E5D27E2073D00245B27 /* Project object */;
			proxyType = 1;
			remoteGlobalIDString = F3CE6E6427E2073D00245B27;
			remoteInfo = "scan-uikit-swift";
		};
		F3CE6E8627E2073F00245B27 /* PBXContainerItemProxy */ = {
			isa = PBXContainerItemProxy;
			containerPortal = F3CE6E5D27E2073D00245B27 /* Project object */;
			proxyType = 1;
			remoteGlobalIDString = F3CE6E6427E2073D00245B27;
			remoteInfo = "scan-uikit-swift";
		};
/* End PBXContainerItemProxy section */

/* Begin PBXFileReference section */
		F3CE6E6527E2073D00245B27 /* scan-uikit-swift.app */ = {isa = PBXFileReference; explicitFileType = wrapper.application; includeInIndex = 0; path = "scan-uikit-swift.app"; sourceTree = BUILT_PRODUCTS_DIR; };
		F3CE6E6827E2073D00245B27 /* AppDelegate.swift */ = {isa = PBXFileReference; lastKnownFileType = sourcecode.swift; path = AppDelegate.swift; sourceTree = "<group>"; };
		F3CE6E6C27E2073D00245B27 /* ViewController.swift */ = {isa = PBXFileReference; lastKnownFileType = sourcecode.swift; path = ViewController.swift; sourceTree = "<group>"; };
		F3CE6E6F27E2073D00245B27 /* Base */ = {isa = PBXFileReference; lastKnownFileType = file.storyboard; name = Base; path = Base.lproj/Main.storyboard; sourceTree = "<group>"; };
		F3CE6E7127E2073F00245B27 /* Assets.xcassets */ = {isa = PBXFileReference; lastKnownFileType = folder.assetcatalog; path = Assets.xcassets; sourceTree = "<group>"; };
		F3CE6E7427E2073F00245B27 /* Base */ = {isa = PBXFileReference; lastKnownFileType = file.storyboard; name = Base; path = Base.lproj/LaunchScreen.storyboard; sourceTree = "<group>"; };
		F3CE6E7627E2073F00245B27 /* Info.plist */ = {isa = PBXFileReference; lastKnownFileType = text.plist.xml; path = Info.plist; sourceTree = "<group>"; };
		F3CE6E7B27E2073F00245B27 /* scan-uikit-swiftTests.xctest */ = {isa = PBXFileReference; explicitFileType = wrapper.cfbundle; includeInIndex = 0; path = "scan-uikit-swiftTests.xctest"; sourceTree = BUILT_PRODUCTS_DIR; };
		F3CE6E7F27E2073F00245B27 /* scan_uikit_swiftTests.swift */ = {isa = PBXFileReference; lastKnownFileType = sourcecode.swift; path = scan_uikit_swiftTests.swift; sourceTree = "<group>"; };
		F3CE6E8527E2073F00245B27 /* scan-uikit-swiftUITests.xctest */ = {isa = PBXFileReference; explicitFileType = wrapper.cfbundle; includeInIndex = 0; path = "scan-uikit-swiftUITests.xctest"; sourceTree = BUILT_PRODUCTS_DIR; };
		F3CE6E8927E2073F00245B27 /* scan_uikit_swiftUITests.swift */ = {isa = PBXFileReference; lastKnownFileType = sourcecode.swift; path = scan_uikit_swiftUITests.swift; sourceTree = "<group>"; };
		F3CE6E8B27E2073F00245B27 /* scan_uikit_swiftUITestsLaunchTests.swift */ = {isa = PBXFileReference; lastKnownFileType = sourcecode.swift; path = scan_uikit_swiftUITestsLaunchTests.swift; sourceTree = "<group>"; };
		F3CE6E9A27E20D4D00245B27 /* ViewController+Gestures.swift */ = {isa = PBXFileReference; lastKnownFileType = sourcecode.swift; path = "ViewController+Gestures.swift"; sourceTree = "<group>"; };
		F3CE6E9C27E20D6500245B27 /* ViewController+ApplicationState.swift */ = {isa = PBXFileReference; lastKnownFileType = sourcecode.swift; path = "ViewController+ApplicationState.swift"; sourceTree = "<group>"; };
		F3CE6E9E27E20D8B00245B27 /* ViewController+NavigationBar.swift */ = {isa = PBXFileReference; lastKnownFileType = sourcecode.swift; path = "ViewController+NavigationBar.swift"; sourceTree = "<group>"; };
		F3CE6EA027E20D9E00245B27 /* ViewController+SessionInfo.swift */ = {isa = PBXFileReference; lastKnownFileType = sourcecode.swift; path = "ViewController+SessionInfo.swift"; sourceTree = "<group>"; };
		F3CE6EA227E20DB600245B27 /* ShareScanViewController.swift */ = {isa = PBXFileReference; lastKnownFileType = sourcecode.swift; path = ShareScanViewController.swift; sourceTree = "<group>"; };
		F3CE6EA427E20DE800245B27 /* Scan.swift */ = {isa = PBXFileReference; lastKnownFileType = sourcecode.swift; path = Scan.swift; sourceTree = "<group>"; };
		F3CE6EA627E20E2200245B27 /* TestRun.swift */ = {isa = PBXFileReference; lastKnownFileType = sourcecode.swift; path = TestRun.swift; sourceTree = "<group>"; };
		F3CE6EA927E20F6E00245B27 /* MessageLabel.swift */ = {isa = PBXFileReference; lastKnownFileType = sourcecode.swift; path = MessageLabel.swift; sourceTree = "<group>"; };
		F3CE6EAB27E21E8500245B27 /* RoundedButton.swift */ = {isa = PBXFileReference; lastKnownFileType = sourcecode.swift; path = RoundedButton.swift; sourceTree = "<group>"; };
		F3CE6EAD27E21EB600245B27 /* FlashlightButton.swift */ = {isa = PBXFileReference; lastKnownFileType = sourcecode.swift; path = FlashlightButton.swift; sourceTree = "<group>"; };
		F3CE6EB027E21EED00245B27 /* ThresholdPanGestureRecognizer.swift */ = {isa = PBXFileReference; lastKnownFileType = sourcecode.swift; path = ThresholdPanGestureRecognizer.swift; sourceTree = "<group>"; };
		F3CE6EB227E21F1900245B27 /* ThresholdPinchGestureRecognizer.swift */ = {isa = PBXFileReference; lastKnownFileType = sourcecode.swift; path = ThresholdPinchGestureRecognizer.swift; sourceTree = "<group>"; };
		F3CE6EB427E21F4100245B27 /* ThresholdRotationGestureRecognizer.swift */ = {isa = PBXFileReference; lastKnownFileType = sourcecode.swift; path = ThresholdRotationGestureRecognizer.swift; sourceTree = "<group>"; };
		F3CE6EB727E21F7900245B27 /* DetectedObject.swift */ = {isa = PBXFileReference; lastKnownFileType = sourcecode.swift; path = DetectedObject.swift; sourceTree = "<group>"; };
		F3CE6EB927E21FAB00245B27 /* BoundingBox.swift */ = {isa = PBXFileReference; lastKnownFileType = sourcecode.swift; path = BoundingBox.swift; sourceTree = "<group>"; };
		F3CE6EBB27E35F2C00245B27 /* DetectedBoundingBox.swift */ = {isa = PBXFileReference; lastKnownFileType = sourcecode.swift; path = DetectedBoundingBox.swift; sourceTree = "<group>"; };
		F3CE6EBD27E35F6900245B27 /* BoundingBoxSide.swift */ = {isa = PBXFileReference; lastKnownFileType = sourcecode.swift; path = BoundingBoxSide.swift; sourceTree = "<group>"; };
		F3CE6EBF27E35F8800245B27 /* DetectedPointCloud.swift */ = {isa = PBXFileReference; lastKnownFileType = sourcecode.swift; path = DetectedPointCloud.swift; sourceTree = "<group>"; };
		F3CE6EC127E35F9D00245B27 /* ObjectOrigin.swift */ = {isa = PBXFileReference; lastKnownFileType = sourcecode.swift; path = ObjectOrigin.swift; sourceTree = "<group>"; };
		F3CE6EC327E35FCE00245B27 /* ObjectOriginAxis.swift */ = {isa = PBXFileReference; lastKnownFileType = sourcecode.swift; path = ObjectOriginAxis.swift; sourceTree = "<group>"; };
		F3CE6EC527E3600000245B27 /* PointCloud+CreateVisualization.swift */ = {isa = PBXFileReference; lastKnownFileType = sourcecode.swift; path = "PointCloud+CreateVisualization.swift"; sourceTree = "<group>"; };
		F3CE6EC727E3603F00245B27 /* ScannedObject.swift */ = {isa = PBXFileReference; lastKnownFileType = sourcecode.swift; path = ScannedObject.swift; sourceTree = "<group>"; };
		F3CE6EC927E3606B00245B27 /* ScannedPointCloud.swift */ = {isa = PBXFileReference; lastKnownFileType = sourcecode.swift; path = ScannedPointCloud.swift; sourceTree = "<group>"; };
		F3CE6ECB27E360D000245B27 /* Snapping.swift */ = {isa = PBXFileReference; lastKnownFileType = sourcecode.swift; path = Snapping.swift; sourceTree = "<group>"; };
		F3CE6ECD27E3610000245B27 /* Tile.swift */ = {isa = PBXFileReference; lastKnownFileType = sourcecode.swift; path = Tile.swift; sourceTree = "<group>"; };
/* End PBXFileReference section */

/* Begin PBXFrameworksBuildPhase section */
		F3CE6E6227E2073D00245B27 /* Frameworks */ = {
			isa = PBXFrameworksBuildPhase;
			buildActionMask = 2147483647;
			files = (
			);
			runOnlyForDeploymentPostprocessing = 0;
		};
		F3CE6E7827E2073F00245B27 /* Frameworks */ = {
			isa = PBXFrameworksBuildPhase;
			buildActionMask = 2147483647;
			files = (
			);
			runOnlyForDeploymentPostprocessing = 0;
		};
		F3CE6E8227E2073F00245B27 /* Frameworks */ = {
			isa = PBXFrameworksBuildPhase;
			buildActionMask = 2147483647;
			files = (
			);
			runOnlyForDeploymentPostprocessing = 0;
		};
/* End PBXFrameworksBuildPhase section */

/* Begin PBXGroup section */
		F3CE6E5C27E2073D00245B27 = {
			isa = PBXGroup;
			children = (
				F3CE6E6727E2073D00245B27 /* scan-uikit-swift */,
				F3CE6E7E27E2073F00245B27 /* scan-uikit-swiftTests */,
				F3CE6E8827E2073F00245B27 /* scan-uikit-swiftUITests */,
				F3CE6E6627E2073D00245B27 /* Products */,
			);
			sourceTree = "<group>";
		};
		F3CE6E6627E2073D00245B27 /* Products */ = {
			isa = PBXGroup;
			children = (
				F3CE6E6527E2073D00245B27 /* scan-uikit-swift.app */,
				F3CE6E7B27E2073F00245B27 /* scan-uikit-swiftTests.xctest */,
				F3CE6E8527E2073F00245B27 /* scan-uikit-swiftUITests.xctest */,
			);
			name = Products;
			sourceTree = "<group>";
		};
		F3CE6E6727E2073D00245B27 /* scan-uikit-swift */ = {
			isa = PBXGroup;
			children = (
				F3CE6EB627E21F6100245B27 /* 3D UI and Visualizations */,
				F3CE6EAF27E21EDA00245B27 /* Gesture Recognizers */,
				F3CE6EA827E20F5600245B27 /* Views */,
				F3CE6E9927E20BE100245B27 /* Controllers */,
				F3CE6E9827E20BD200245B27 /* Storyboards */,
				F3CE6E7127E2073F00245B27 /* Assets.xcassets */,
				F3CE6E7627E2073F00245B27 /* Info.plist */,
			);
			path = "scan-uikit-swift";
			sourceTree = "<group>";
		};
		F3CE6E7E27E2073F00245B27 /* scan-uikit-swiftTests */ = {
			isa = PBXGroup;
			children = (
				F3CE6E7F27E2073F00245B27 /* scan_uikit_swiftTests.swift */,
			);
			path = "scan-uikit-swiftTests";
			sourceTree = "<group>";
		};
		F3CE6E8827E2073F00245B27 /* scan-uikit-swiftUITests */ = {
			isa = PBXGroup;
			children = (
				F3CE6E8927E2073F00245B27 /* scan_uikit_swiftUITests.swift */,
				F3CE6E8B27E2073F00245B27 /* scan_uikit_swiftUITestsLaunchTests.swift */,
			);
			path = "scan-uikit-swiftUITests";
			sourceTree = "<group>";
		};
		F3CE6E9827E20BD200245B27 /* Storyboards */ = {
			isa = PBXGroup;
			children = (
				F3CE6E6E27E2073D00245B27 /* Main.storyboard */,
				F3CE6E7327E2073F00245B27 /* LaunchScreen.storyboard */,
			);
			path = Storyboards;
			sourceTree = "<group>";
		};
		F3CE6E9927E20BE100245B27 /* Controllers */ = {
			isa = PBXGroup;
			children = (
				F3CE6E6827E2073D00245B27 /* AppDelegate.swift */,
				F3CE6E6C27E2073D00245B27 /* ViewController.swift */,
				F3CE6E9A27E20D4D00245B27 /* ViewController+Gestures.swift */,
				F3CE6E9C27E20D6500245B27 /* ViewController+ApplicationState.swift */,
				F3CE6E9E27E20D8B00245B27 /* ViewController+NavigationBar.swift */,
				F3CE6EA027E20D9E00245B27 /* ViewController+SessionInfo.swift */,
				F3CE6EA227E20DB600245B27 /* ShareScanViewController.swift */,
				F3CE6EA427E20DE800245B27 /* Scan.swift */,
				F3CE6EA627E20E2200245B27 /* TestRun.swift */,
			);
			path = Controllers;
			sourceTree = "<group>";
		};
		F3CE6EA827E20F5600245B27 /* Views */ = {
			isa = PBXGroup;
			children = (
				F3CE6EA927E20F6E00245B27 /* MessageLabel.swift */,
				F3CE6EAB27E21E8500245B27 /* RoundedButton.swift */,
				F3CE6EAD27E21EB600245B27 /* FlashlightButton.swift */,
			);
			path = Views;
			sourceTree = "<group>";
		};
		F3CE6EAF27E21EDA00245B27 /* Gesture Recognizers */ = {
			isa = PBXGroup;
			children = (
				F3CE6EB027E21EED00245B27 /* ThresholdPanGestureRecognizer.swift */,
				F3CE6EB227E21F1900245B27 /* ThresholdPinchGestureRecognizer.swift */,
				F3CE6EB427E21F4100245B27 /* ThresholdRotationGestureRecognizer.swift */,
			);
			path = "Gesture Recognizers";
			sourceTree = "<group>";
		};
		F3CE6EB627E21F6100245B27 /* 3D UI and Visualizations */ = {
			isa = PBXGroup;
			children = (
				F3CE6EB727E21F7900245B27 /* DetectedObject.swift */,
				F3CE6EB927E21FAB00245B27 /* BoundingBox.swift */,
				F3CE6EBB27E35F2C00245B27 /* DetectedBoundingBox.swift */,
				F3CE6EBD27E35F6900245B27 /* BoundingBoxSide.swift */,
				F3CE6EBF27E35F8800245B27 /* DetectedPointCloud.swift */,
				F3CE6EC127E35F9D00245B27 /* ObjectOrigin.swift */,
				F3CE6EC327E35FCE00245B27 /* ObjectOriginAxis.swift */,
				F3CE6EC527E3600000245B27 /* PointCloud+CreateVisualization.swift */,
				F3CE6EC727E3603F00245B27 /* ScannedObject.swift */,
				F3CE6EC927E3606B00245B27 /* ScannedPointCloud.swift */,
				F3CE6ECB27E360D000245B27 /* Snapping.swift */,
				F3CE6ECD27E3610000245B27 /* Tile.swift */,
			);
			path = "3D UI and Visualizations";
			sourceTree = "<group>";
		};
/* End PBXGroup section */

/* Begin PBXNativeTarget section */
		F3CE6E6427E2073D00245B27 /* scan-uikit-swift */ = {
			isa = PBXNativeTarget;
			buildConfigurationList = F3CE6E8F27E2073F00245B27 /* Build configuration list for PBXNativeTarget "scan-uikit-swift" */;
			buildPhases = (
				F3CE6E6127E2073D00245B27 /* Sources */,
				F3CE6E6227E2073D00245B27 /* Frameworks */,
				F3CE6E6327E2073D00245B27 /* Resources */,
			);
			buildRules = (
			);
			dependencies = (
			);
			name = "scan-uikit-swift";
			productName = "scan-uikit-swift";
			productReference = F3CE6E6527E2073D00245B27 /* scan-uikit-swift.app */;
			productType = "com.apple.product-type.application";
		};
		F3CE6E7A27E2073F00245B27 /* scan-uikit-swiftTests */ = {
			isa = PBXNativeTarget;
			buildConfigurationList = F3CE6E9227E2073F00245B27 /* Build configuration list for PBXNativeTarget "scan-uikit-swiftTests" */;
			buildPhases = (
				F3CE6E7727E2073F00245B27 /* Sources */,
				F3CE6E7827E2073F00245B27 /* Frameworks */,
				F3CE6E7927E2073F00245B27 /* Resources */,
			);
			buildRules = (
			);
			dependencies = (
				F3CE6E7D27E2073F00245B27 /* PBXTargetDependency */,
			);
			name = "scan-uikit-swiftTests";
			productName = "scan-uikit-swiftTests";
			productReference = F3CE6E7B27E2073F00245B27 /* scan-uikit-swiftTests.xctest */;
			productType = "com.apple.product-type.bundle.unit-test";
		};
		F3CE6E8427E2073F00245B27 /* scan-uikit-swiftUITests */ = {
			isa = PBXNativeTarget;
			buildConfigurationList = F3CE6E9527E2073F00245B27 /* Build configuration list for PBXNativeTarget "scan-uikit-swiftUITests" */;
			buildPhases = (
				F3CE6E8127E2073F00245B27 /* Sources */,
				F3CE6E8227E2073F00245B27 /* Frameworks */,
				F3CE6E8327E2073F00245B27 /* Resources */,
			);
			buildRules = (
			);
			dependencies = (
				F3CE6E8727E2073F00245B27 /* PBXTargetDependency */,
			);
			name = "scan-uikit-swiftUITests";
			productName = "scan-uikit-swiftUITests";
			productReference = F3CE6E8527E2073F00245B27 /* scan-uikit-swiftUITests.xctest */;
			productType = "com.apple.product-type.bundle.ui-testing";
		};
/* End PBXNativeTarget section */

/* Begin PBXProject section */
		F3CE6E5D27E2073D00245B27 /* Project object */ = {
			isa = PBXProject;
			attributes = {
				BuildIndependentTargetsInParallel = 1;
				LastSwiftUpdateCheck = 1320;
				LastUpgradeCheck = 1320;
				TargetAttributes = {
					F3CE6E6427E2073D00245B27 = {
						CreatedOnToolsVersion = 13.2.1;
					};
					F3CE6E7A27E2073F00245B27 = {
						CreatedOnToolsVersion = 13.2.1;
						TestTargetID = F3CE6E6427E2073D00245B27;
					};
					F3CE6E8427E2073F00245B27 = {
						CreatedOnToolsVersion = 13.2.1;
						TestTargetID = F3CE6E6427E2073D00245B27;
					};
				};
			};
			buildConfigurationList = F3CE6E6027E2073D00245B27 /* Build configuration list for PBXProject "scan-uikit-swift" */;
			compatibilityVersion = "Xcode 13.0";
			developmentRegion = en;
			hasScannedForEncodings = 0;
			knownRegions = (
				en,
				Base,
			);
			mainGroup = F3CE6E5C27E2073D00245B27;
			productRefGroup = F3CE6E6627E2073D00245B27 /* Products */;
			projectDirPath = "";
			projectRoot = "";
			targets = (
				F3CE6E6427E2073D00245B27 /* scan-uikit-swift */,
				F3CE6E7A27E2073F00245B27 /* scan-uikit-swiftTests */,
				F3CE6E8427E2073F00245B27 /* scan-uikit-swiftUITests */,
			);
		};
/* End PBXProject section */

/* Begin PBXResourcesBuildPhase section */
		F3CE6E6327E2073D00245B27 /* Resources */ = {
			isa = PBXResourcesBuildPhase;
			buildActionMask = 2147483647;
			files = (
				F3CE6E7527E2073F00245B27 /* LaunchScreen.storyboard in Resources */,
				F3CE6E7227E2073F00245B27 /* Assets.xcassets in Resources */,
				F3CE6E7027E2073D00245B27 /* Main.storyboard in Resources */,
			);
			runOnlyForDeploymentPostprocessing = 0;
		};
		F3CE6E7927E2073F00245B27 /* Resources */ = {
			isa = PBXResourcesBuildPhase;
			buildActionMask = 2147483647;
			files = (
			);
			runOnlyForDeploymentPostprocessing = 0;
		};
		F3CE6E8327E2073F00245B27 /* Resources */ = {
			isa = PBXResourcesBuildPhase;
			buildActionMask = 2147483647;
			files = (
			);
			runOnlyForDeploymentPostprocessing = 0;
		};
/* End PBXResourcesBuildPhase section */

/* Begin PBXSourcesBuildPhase section */
		F3CE6E6127E2073D00245B27 /* Sources */ = {
			isa = PBXSourcesBuildPhase;
			buildActionMask = 2147483647;
			files = (
				F3CE6EA127E20D9E00245B27 /* ViewController+SessionInfo.swift in Sources */,
				F3CE6EA327E20DB600245B27 /* ShareScanViewController.swift in Sources */,
				F3CE6EC627E3600000245B27 /* PointCloud+CreateVisualization.swift in Sources */,
				F3CE6EB527E21F4100245B27 /* ThresholdRotationGestureRecognizer.swift in Sources */,
				F3CE6EAA27E20F6E00245B27 /* MessageLabel.swift in Sources */,
				F3CE6EAE27E21EB600245B27 /* FlashlightButton.swift in Sources */,
				F3CE6EBA27E21FAB00245B27 /* BoundingBox.swift in Sources */,
				F3CE6EA527E20DE800245B27 /* Scan.swift in Sources */,
				F3CE6E6D27E2073D00245B27 /* ViewController.swift in Sources */,
				F3CE6EC827E3603F00245B27 /* ScannedObject.swift in Sources */,
				F3CE6E9B27E20D4D00245B27 /* ViewController+Gestures.swift in Sources */,
				F3CE6EB827E21F7900245B27 /* DetectedObject.swift in Sources */,
				F3CE6EAC27E21E8500245B27 /* RoundedButton.swift in Sources */,
				F3CE6ECA27E3606B00245B27 /* ScannedPointCloud.swift in Sources */,
				F3CE6EB327E21F1900245B27 /* ThresholdPinchGestureRecognizer.swift in Sources */,
				F3CE6ECE27E3610100245B27 /* Tile.swift in Sources */,
				F3CE6EA727E20E2200245B27 /* TestRun.swift in Sources */,
				F3CE6EC227E35F9D00245B27 /* ObjectOrigin.swift in Sources */,
				F3CE6EB127E21EED00245B27 /* ThresholdPanGestureRecognizer.swift in Sources */,
				F3CE6E9F27E20D8B00245B27 /* ViewController+NavigationBar.swift in Sources */,
				F3CE6ECC27E360D000245B27 /* Snapping.swift in Sources */,
				F3CE6EBE27E35F6900245B27 /* BoundingBoxSide.swift in Sources */,
				F3CE6E6927E2073D00245B27 /* AppDelegate.swift in Sources */,
				F3CE6E9D27E20D6500245B27 /* ViewController+ApplicationState.swift in Sources */,
				F3CE6EC427E35FCE00245B27 /* ObjectOriginAxis.swift in Sources */,
				F3CE6EC027E35F8800245B27 /* DetectedPointCloud.swift in Sources */,
				F3CE6EBC27E35F2C00245B27 /* DetectedBoundingBox.swift in Sources */,
			);
			runOnlyForDeploymentPostprocessing = 0;
		};
		F3CE6E7727E2073F00245B27 /* Sources */ = {
			isa = PBXSourcesBuildPhase;
			buildActionMask = 2147483647;
			files = (
				F3CE6E8027E2073F00245B27 /* scan_uikit_swiftTests.swift in Sources */,
			);
			runOnlyForDeploymentPostprocessing = 0;
		};
		F3CE6E8127E2073F00245B27 /* Sources */ = {
			isa = PBXSourcesBuildPhase;
			buildActionMask = 2147483647;
			files = (
				F3CE6E8C27E2073F00245B27 /* scan_uikit_swiftUITestsLaunchTests.swift in Sources */,
				F3CE6E8A27E2073F00245B27 /* scan_uikit_swiftUITests.swift in Sources */,
			);
			runOnlyForDeploymentPostprocessing = 0;
		};
/* End PBXSourcesBuildPhase section */

/* Begin PBXTargetDependency section */
		F3CE6E7D27E2073F00245B27 /* PBXTargetDependency */ = {
			isa = PBXTargetDependency;
			target = F3CE6E6427E2073D00245B27 /* scan-uikit-swift */;
			targetProxy = F3CE6E7C27E2073F00245B27 /* PBXContainerItemProxy */;
		};
		F3CE6E8727E2073F00245B27 /* PBXTargetDependency */ = {
			isa = PBXTargetDependency;
			target = F3CE6E6427E2073D00245B27 /* scan-uikit-swift */;
			targetProxy = F3CE6E8627E2073F00245B27 /* PBXContainerItemProxy */;
		};
/* End PBXTargetDependency section */

/* Begin PBXVariantGroup section */
		F3CE6E6E27E2073D00245B27 /* Main.storyboard */ = {
			isa = PBXVariantGroup;
			children = (
				F3CE6E6F27E2073D00245B27 /* Base */,
			);
			name = Main.storyboard;
			sourceTree = "<group>";
		};
		F3CE6E7327E2073F00245B27 /* LaunchScreen.storyboard */ = {
			isa = PBXVariantGroup;
			children = (
				F3CE6E7427E2073F00245B27 /* Base */,
			);
			name = LaunchScreen.storyboard;
			sourceTree = "<group>";
		};
/* End PBXVariantGroup section */

/* Begin XCBuildConfiguration section */
		F3CE6E8D27E2073F00245B27 /* Debug */ = {
			isa = XCBuildConfiguration;
			buildSettings = {
				ALWAYS_SEARCH_USER_PATHS = NO;
				CLANG_ANALYZER_NONNULL = YES;
				CLANG_ANALYZER_NUMBER_OBJECT_CONVERSION = YES_AGGRESSIVE;
				CLANG_CXX_LANGUAGE_STANDARD = "gnu++17";
				CLANG_CXX_LIBRARY = "libc++";
				CLANG_ENABLE_MODULES = YES;
				CLANG_ENABLE_OBJC_ARC = YES;
				CLANG_ENABLE_OBJC_WEAK = YES;
				CLANG_WARN_BLOCK_CAPTURE_AUTORELEASING = YES;
				CLANG_WARN_BOOL_CONVERSION = YES;
				CLANG_WARN_COMMA = YES;
				CLANG_WARN_CONSTANT_CONVERSION = YES;
				CLANG_WARN_DEPRECATED_OBJC_IMPLEMENTATIONS = YES;
				CLANG_WARN_DIRECT_OBJC_ISA_USAGE = YES_ERROR;
				CLANG_WARN_DOCUMENTATION_COMMENTS = YES;
				CLANG_WARN_EMPTY_BODY = YES;
				CLANG_WARN_ENUM_CONVERSION = YES;
				CLANG_WARN_INFINITE_RECURSION = YES;
				CLANG_WARN_INT_CONVERSION = YES;
				CLANG_WARN_NON_LITERAL_NULL_CONVERSION = YES;
				CLANG_WARN_OBJC_IMPLICIT_RETAIN_SELF = YES;
				CLANG_WARN_OBJC_LITERAL_CONVERSION = YES;
				CLANG_WARN_OBJC_ROOT_CLASS = YES_ERROR;
				CLANG_WARN_QUOTED_INCLUDE_IN_FRAMEWORK_HEADER = YES;
				CLANG_WARN_RANGE_LOOP_ANALYSIS = YES;
				CLANG_WARN_STRICT_PROTOTYPES = YES;
				CLANG_WARN_SUSPICIOUS_MOVE = YES;
				CLANG_WARN_UNGUARDED_AVAILABILITY = YES_AGGRESSIVE;
				CLANG_WARN_UNREACHABLE_CODE = YES;
				CLANG_WARN__DUPLICATE_METHOD_MATCH = YES;
				COPY_PHASE_STRIP = NO;
				DEBUG_INFORMATION_FORMAT = dwarf;
				ENABLE_STRICT_OBJC_MSGSEND = YES;
				ENABLE_TESTABILITY = YES;
				GCC_C_LANGUAGE_STANDARD = gnu11;
				GCC_DYNAMIC_NO_PIC = NO;
				GCC_NO_COMMON_BLOCKS = YES;
				GCC_OPTIMIZATION_LEVEL = 0;
				GCC_PREPROCESSOR_DEFINITIONS = (
					"DEBUG=1",
					"$(inherited)",
				);
				GCC_WARN_64_TO_32_BIT_CONVERSION = YES;
				GCC_WARN_ABOUT_RETURN_TYPE = YES_ERROR;
				GCC_WARN_UNDECLARED_SELECTOR = YES;
				GCC_WARN_UNINITIALIZED_AUTOS = YES_AGGRESSIVE;
				GCC_WARN_UNUSED_FUNCTION = YES;
				GCC_WARN_UNUSED_VARIABLE = YES;
				IPHONEOS_DEPLOYMENT_TARGET = 15.2;
				MTL_ENABLE_DEBUG_INFO = INCLUDE_SOURCE;
				MTL_FAST_MATH = YES;
				ONLY_ACTIVE_ARCH = YES;
				SDKROOT = iphoneos;
				SWIFT_ACTIVE_COMPILATION_CONDITIONS = DEBUG;
				SWIFT_OPTIMIZATION_LEVEL = "-Onone";
			};
			name = Debug;
		};
		F3CE6E8E27E2073F00245B27 /* Release */ = {
			isa = XCBuildConfiguration;
			buildSettings = {
				ALWAYS_SEARCH_USER_PATHS = NO;
				CLANG_ANALYZER_NONNULL = YES;
				CLANG_ANALYZER_NUMBER_OBJECT_CONVERSION = YES_AGGRESSIVE;
				CLANG_CXX_LANGUAGE_STANDARD = "gnu++17";
				CLANG_CXX_LIBRARY = "libc++";
				CLANG_ENABLE_MODULES = YES;
				CLANG_ENABLE_OBJC_ARC = YES;
				CLANG_ENABLE_OBJC_WEAK = YES;
				CLANG_WARN_BLOCK_CAPTURE_AUTORELEASING = YES;
				CLANG_WARN_BOOL_CONVERSION = YES;
				CLANG_WARN_COMMA = YES;
				CLANG_WARN_CONSTANT_CONVERSION = YES;
				CLANG_WARN_DEPRECATED_OBJC_IMPLEMENTATIONS = YES;
				CLANG_WARN_DIRECT_OBJC_ISA_USAGE = YES_ERROR;
				CLANG_WARN_DOCUMENTATION_COMMENTS = YES;
				CLANG_WARN_EMPTY_BODY = YES;
				CLANG_WARN_ENUM_CONVERSION = YES;
				CLANG_WARN_INFINITE_RECURSION = YES;
				CLANG_WARN_INT_CONVERSION = YES;
				CLANG_WARN_NON_LITERAL_NULL_CONVERSION = YES;
				CLANG_WARN_OBJC_IMPLICIT_RETAIN_SELF = YES;
				CLANG_WARN_OBJC_LITERAL_CONVERSION = YES;
				CLANG_WARN_OBJC_ROOT_CLASS = YES_ERROR;
				CLANG_WARN_QUOTED_INCLUDE_IN_FRAMEWORK_HEADER = YES;
				CLANG_WARN_RANGE_LOOP_ANALYSIS = YES;
				CLANG_WARN_STRICT_PROTOTYPES = YES;
				CLANG_WARN_SUSPICIOUS_MOVE = YES;
				CLANG_WARN_UNGUARDED_AVAILABILITY = YES_AGGRESSIVE;
				CLANG_WARN_UNREACHABLE_CODE = YES;
				CLANG_WARN__DUPLICATE_METHOD_MATCH = YES;
				COPY_PHASE_STRIP = NO;
				DEBUG_INFORMATION_FORMAT = "dwarf-with-dsym";
				ENABLE_NS_ASSERTIONS = NO;
				ENABLE_STRICT_OBJC_MSGSEND = YES;
				GCC_C_LANGUAGE_STANDARD = gnu11;
				GCC_NO_COMMON_BLOCKS = YES;
				GCC_WARN_64_TO_32_BIT_CONVERSION = YES;
				GCC_WARN_ABOUT_RETURN_TYPE = YES_ERROR;
				GCC_WARN_UNDECLARED_SELECTOR = YES;
				GCC_WARN_UNINITIALIZED_AUTOS = YES_AGGRESSIVE;
				GCC_WARN_UNUSED_FUNCTION = YES;
				GCC_WARN_UNUSED_VARIABLE = YES;
				IPHONEOS_DEPLOYMENT_TARGET = 15.2;
				MTL_ENABLE_DEBUG_INFO = NO;
				MTL_FAST_MATH = YES;
				SDKROOT = iphoneos;
				SWIFT_COMPILATION_MODE = wholemodule;
				SWIFT_OPTIMIZATION_LEVEL = "-O";
				VALIDATE_PRODUCT = YES;
			};
			name = Release;
		};
		F3CE6E9027E2073F00245B27 /* Debug */ = {
			isa = XCBuildConfiguration;
			buildSettings = {
				ASSETCATALOG_COMPILER_APPICON_NAME = AppIcon;
				ASSETCATALOG_COMPILER_GLOBAL_ACCENT_COLOR_NAME = AccentColor;
				CODE_SIGN_STYLE = Automatic;
				CURRENT_PROJECT_VERSION = 1;
				GENERATE_INFOPLIST_FILE = YES;
				INFOPLIST_FILE = "scan-uikit-swift/Info.plist";
				INFOPLIST_KEY_UIApplicationSupportsIndirectInputEvents = YES;
				INFOPLIST_KEY_UILaunchStoryboardName = LaunchScreen;
				INFOPLIST_KEY_UIMainStoryboardFile = Main;
				INFOPLIST_KEY_UISupportedInterfaceOrientations_iPad = "UIInterfaceOrientationPortrait UIInterfaceOrientationPortraitUpsideDown UIInterfaceOrientationLandscapeLeft UIInterfaceOrientationLandscapeRight";
				INFOPLIST_KEY_UISupportedInterfaceOrientations_iPhone = "UIInterfaceOrientationPortrait UIInterfaceOrientationLandscapeLeft UIInterfaceOrientationLandscapeRight";
				LD_RUNPATH_SEARCH_PATHS = (
					"$(inherited)",
					"@executable_path/Frameworks",
				);
				MARKETING_VERSION = 1.0;
				PRODUCT_BUNDLE_IDENTIFIER = "com.efemaz.scanUikitSwift.scan-uikit-swift";
				PRODUCT_NAME = "$(TARGET_NAME)";
				SWIFT_EMIT_LOC_STRINGS = YES;
				SWIFT_VERSION = 5.0;
				TARGETED_DEVICE_FAMILY = "1,2";
			};
			name = Debug;
		};
		F3CE6E9127E2073F00245B27 /* Release */ = {
			isa = XCBuildConfiguration;
			buildSettings = {
				ASSETCATALOG_COMPILER_APPICON_NAME = AppIcon;
				ASSETCATALOG_COMPILER_GLOBAL_ACCENT_COLOR_NAME = AccentColor;
				CODE_SIGN_STYLE = Automatic;
				CURRENT_PROJECT_VERSION = 1;
				GENERATE_INFOPLIST_FILE = YES;
				INFOPLIST_FILE = "scan-uikit-swift/Info.plist";
				INFOPLIST_KEY_UIApplicationSupportsIndirectInputEvents = YES;
				INFOPLIST_KEY_UILaunchStoryboardName = LaunchScreen;
				INFOPLIST_KEY_UIMainStoryboardFile = Main;
				INFOPLIST_KEY_UISupportedInterfaceOrientations_iPad = "UIInterfaceOrientationPortrait UIInterfaceOrientationPortraitUpsideDown UIInterfaceOrientationLandscapeLeft UIInterfaceOrientationLandscapeRight";
				INFOPLIST_KEY_UISupportedInterfaceOrientations_iPhone = "UIInterfaceOrientationPortrait UIInterfaceOrientationLandscapeLeft UIInterfaceOrientationLandscapeRight";
				LD_RUNPATH_SEARCH_PATHS = (
					"$(inherited)",
					"@executable_path/Frameworks",
				);
				MARKETING_VERSION = 1.0;
				PRODUCT_BUNDLE_IDENTIFIER = "com.efemaz.scanUikitSwift.scan-uikit-swift";
				PRODUCT_NAME = "$(TARGET_NAME)";
				SWIFT_EMIT_LOC_STRINGS = YES;
				SWIFT_VERSION = 5.0;
				TARGETED_DEVICE_FAMILY = "1,2";
			};
			name = Release;
		};
		F3CE6E9327E2073F00245B27 /* Debug */ = {
			isa = XCBuildConfiguration;
			buildSettings = {
				ALWAYS_EMBED_SWIFT_STANDARD_LIBRARIES = YES;
				BUNDLE_LOADER = "$(TEST_HOST)";
				CODE_SIGN_STYLE = Automatic;
				CURRENT_PROJECT_VERSION = 1;
				GENERATE_INFOPLIST_FILE = YES;
				IPHONEOS_DEPLOYMENT_TARGET = 15.2;
				MARKETING_VERSION = 1.0;
				PRODUCT_BUNDLE_IDENTIFIER = "com.efemaz.scanUikitSwift.scan-uikit-swiftTests";
				PRODUCT_NAME = "$(TARGET_NAME)";
				SWIFT_EMIT_LOC_STRINGS = NO;
				SWIFT_VERSION = 5.0;
				TARGETED_DEVICE_FAMILY = "1,2";
				TEST_HOST = "$(BUILT_PRODUCTS_DIR)/scan-uikit-swift.app/scan-uikit-swift";
			};
			name = Debug;
		};
		F3CE6E9427E2073F00245B27 /* Release */ = {
			isa = XCBuildConfiguration;
			buildSettings = {
				ALWAYS_EMBED_SWIFT_STANDARD_LIBRARIES = YES;
				BUNDLE_LOADER = "$(TEST_HOST)";
				CODE_SIGN_STYLE = Automatic;
				CURRENT_PROJECT_VERSION = 1;
				GENERATE_INFOPLIST_FILE = YES;
				IPHONEOS_DEPLOYMENT_TARGET = 15.2;
				MARKETING_VERSION = 1.0;
				PRODUCT_BUNDLE_IDENTIFIER = "com.efemaz.scanUikitSwift.scan-uikit-swiftTests";
				PRODUCT_NAME = "$(TARGET_NAME)";
				SWIFT_EMIT_LOC_STRINGS = NO;
				SWIFT_VERSION = 5.0;
				TARGETED_DEVICE_FAMILY = "1,2";
				TEST_HOST = "$(BUILT_PRODUCTS_DIR)/scan-uikit-swift.app/scan-uikit-swift";
			};
			name = Release;
		};
		F3CE6E9627E2073F00245B27 /* Debug */ = {
			isa = XCBuildConfiguration;
			buildSettings = {
				ALWAYS_EMBED_SWIFT_STANDARD_LIBRARIES = YES;
				CODE_SIGN_STYLE = Automatic;
				CURRENT_PROJECT_VERSION = 1;
				GENERATE_INFOPLIST_FILE = YES;
				MARKETING_VERSION = 1.0;
				PRODUCT_BUNDLE_IDENTIFIER = "com.efemaz.scanUikitSwift.scan-uikit-swiftUITests";
				PRODUCT_NAME = "$(TARGET_NAME)";
				SWIFT_EMIT_LOC_STRINGS = NO;
				SWIFT_VERSION = 5.0;
				TARGETED_DEVICE_FAMILY = "1,2";
				TEST_TARGET_NAME = "scan-uikit-swift";
			};
			name = Debug;
		};
		F3CE6E9727E2073F00245B27 /* Release */ = {
			isa = XCBuildConfiguration;
			buildSettings = {
				ALWAYS_EMBED_SWIFT_STANDARD_LIBRARIES = YES;
				CODE_SIGN_STYLE = Automatic;
				CURRENT_PROJECT_VERSION = 1;
				GENERATE_INFOPLIST_FILE = YES;
				MARKETING_VERSION = 1.0;
				PRODUCT_BUNDLE_IDENTIFIER = "com.efemaz.scanUikitSwift.scan-uikit-swiftUITests";
				PRODUCT_NAME = "$(TARGET_NAME)";
				SWIFT_EMIT_LOC_STRINGS = NO;
				SWIFT_VERSION = 5.0;
				TARGETED_DEVICE_FAMILY = "1,2";
				TEST_TARGET_NAME = "scan-uikit-swift";
			};
			name = Release;
		};
/* End XCBuildConfiguration section */

/* Begin XCConfigurationList section */
		F3CE6E6027E2073D00245B27 /* Build configuration list for PBXProject "scan-uikit-swift" */ = {
			isa = XCConfigurationList;
			buildConfigurations = (
				F3CE6E8D27E2073F00245B27 /* Debug */,
				F3CE6E8E27E2073F00245B27 /* Release */,
			);
			defaultConfigurationIsVisible = 0;
			defaultConfigurationName = Release;
		};
		F3CE6E8F27E2073F00245B27 /* Build configuration list for PBXNativeTarget "scan-uikit-swift" */ = {
			isa = XCConfigurationList;
			buildConfigurations = (
				F3CE6E9027E2073F00245B27 /* Debug */,
				F3CE6E9127E2073F00245B27 /* Release */,
			);
			defaultConfigurationIsVisible = 0;
			defaultConfigurationName = Release;
		};
		F3CE6E9227E2073F00245B27 /* Build configuration list for PBXNativeTarget "scan-uikit-swiftTests" */ = {
			isa = XCConfigurationList;
			buildConfigurations = (
				F3CE6E9327E2073F00245B27 /* Debug */,
				F3CE6E9427E2073F00245B27 /* Release */,
			);
			defaultConfigurationIsVisible = 0;
			defaultConfigurationName = Release;
		};
		F3CE6E9527E2073F00245B27 /* Build configuration list for PBXNativeTarget "scan-uikit-swiftUITests" */ = {
			isa = XCConfigurationList;
			buildConfigurations = (
				F3CE6E9627E2073F00245B27 /* Debug */,
				F3CE6E9727E2073F00245B27 /* Release */,
			);
			defaultConfigurationIsVisible = 0;
			defaultConfigurationName = Release;
		};
/* End XCConfigurationList section */
	};
	rootObject = F3CE6E5D27E2073D00245B27 /* Project object */;
}
